
Microsoft Visual Studio Solution File, Format Version 12.00
# Visual Studio 15
VisualStudioVersion = 15.0.28307.168
MinimumVisualStudioVersion = 10.0.40219.1
Project("{2150E333-8FDC-42A3-9474-1A3956D46DE8}") = "Solution Items", "Solution Items", "{148AD5A2-11F1-4428-A965-A0F70D9ADF39}"
EndProject
Project("{FAE04EC0-301F-11D3-BF4B-00C04F79EFBC}") = "SplitGrid.Domain", "SplitGrid.Domain\SplitGrid.Domain.csproj", "{97660CED-7F4A-4066-B6A9-BD01AEB14212}"
EndProject
Project("{FAE04EC0-301F-11D3-BF4B-00C04F79EFBC}") = "SplitGrid.Client", "SplitGrid.Client\SplitGrid.Client.csproj", "{B07CAAEB-44D6-4FB9-BCC0-3AB8458968D9}"
EndProject
Project("{FAE04EC0-301F-11D3-BF4B-00C04F79EFBC}") = "SplitGrid.Api", "SplitGrid.Api\SplitGrid.Api.csproj", "{42F952E1-C778-491E-BB12-F6C42CA33F77}"
EndProject
Global
	GlobalSection(SolutionConfigurationPlatforms) = preSolution
		Debug|Any CPU = Debug|Any CPU
		Release|Any CPU = Release|Any CPU
	EndGlobalSection
	GlobalSection(ProjectConfigurationPlatforms) = postSolution
		{97660CED-7F4A-4066-B6A9-BD01AEB14212}.Debug|Any CPU.ActiveCfg = Debug|Any CPU
		{97660CED-7F4A-4066-B6A9-BD01AEB14212}.Debug|Any CPU.Build.0 = Debug|Any CPU
		{97660CED-7F4A-4066-B6A9-BD01AEB14212}.Release|Any CPU.ActiveCfg = Release|Any CPU
		{97660CED-7F4A-4066-B6A9-BD01AEB14212}.Release|Any CPU.Build.0 = Release|Any CPU
		{B07CAAEB-44D6-4FB9-BCC0-3AB8458968D9}.Debug|Any CPU.ActiveCfg = Debug|Any CPU
		{B07CAAEB-44D6-4FB9-BCC0-3AB8458968D9}.Debug|Any CPU.Build.0 = Debug|Any CPU
		{B07CAAEB-44D6-4FB9-BCC0-3AB8458968D9}.Release|Any CPU.ActiveCfg = Release|Any CPU
		{B07CAAEB-44D6-4FB9-BCC0-3AB8458968D9}.Release|Any CPU.Build.0 = Release|Any CPU
		{42F952E1-C778-491E-BB12-F6C42CA33F77}.Debug|Any CPU.ActiveCfg = Debug|Any CPU
		{42F952E1-C778-491E-BB12-F6C42CA33F77}.Debug|Any CPU.Build.0 = Debug|Any CPU
		{42F952E1-C778-491E-BB12-F6C42CA33F77}.Release|Any CPU.ActiveCfg = Release|Any CPU
		{42F952E1-C778-491E-BB12-F6C42CA33F77}.Release|Any CPU.Build.0 = Release|Any CPU
	EndGlobalSection
	GlobalSection(SolutionProperties) = preSolution
		HideSolutionNode = FALSE
	EndGlobalSection
	GlobalSection(ExtensibilityGlobals) = postSolution
		SolutionGuid = {F023F4FB-D8A6-4851-89AD-9C4FC383632F}
	EndGlobalSection
EndGlobal
